DEPENDENCIES
  toran
    path: .
    metadata: true

GRAPH
  apache2 (1.10.4)
    iptables (>= 0.0.0)
    logrotate (>= 0.0.0)
    pacman (>= 0.0.0)
  apt (2.4.0)
  build-essential (2.0.4)
  chef-sugar (2.0.0)
  chef_handler (1.1.6)
  iis (2.1.2)
    windows (>= 1.2.6)
  iptables (0.13.2)
  logrotate (1.6.0)
  mysql (5.3.6)
    yum-mysql-community (>= 0.0.0)
  pacman (1.1.1)
  php (1.4.6)
    build-essential (>= 0.0.0)
    iis (>= 0.0.0)
    mysql (>= 0.0.0)
    windows (>= 0.0.0)
    xml (>= 0.0.0)
    yum-epel (>= 0.0.0)
  toran (0.1.0)
    apache2 (>= 0.0.0)
    apt (>= 0.0.0)
    php (>= 0.0.0)
    yum (>= 0.0.0)
  windows (1.31.0)
    chef_handler (>= 0.0.0)
  xml (1.2.6)
    build-essential (>= 0.0.0)
    chef-sugar (>= 0.0.0)
  yum (3.2.2)
  yum-epel (0.3.6)
    yum (~> 3.0)
  yum-mysql-community (0.1.8)
    yum (>= 3.0.0)
